
Microsoft Visual Studio Solution File, Format Version 12.00
# Visual Studio Version 17
VisualStudioVersion = 17.0.31903.59
MinimumVisualStudioVersion = 10.0.40219.1
Project("{FAE04EC0-301F-11D3-BF4B-00C04F79EFBC}") = "Aplicacion", "Aplicacion\Aplicacion.csproj", "{9C87F210-402B-461C-82B3-1742E84A5568}"
EndProject
Project("{FAE04EC0-301F-11D3-BF4B-00C04F79EFBC}") = "Tests", "Tests\Tests.csproj", "{3247FC82-6CEB-4AE8-9F8C-7E1AE872626E}"
EndProject
Global
	GlobalSection(SolutionConfigurationPlatforms) = preSolution
		Debug|Any CPU = Debug|Any CPU
		Debug|x64 = Debug|x64
		Debug|x86 = Debug|x86
		Release|Any CPU = Release|Any CPU
		Release|x64 = Release|x64
		Release|x86 = Release|x86
	EndGlobalSection
	GlobalSection(ProjectConfigurationPlatforms) = postSolution
		{9C87F210-402B-461C-82B3-1742E84A5568}.Debug|Any CPU.ActiveCfg = Debug|Any CPU
		{9C87F210-402B-461C-82B3-1742E84A5568}.Debug|Any CPU.Build.0 = Debug|Any CPU
		{9C87F210-402B-461C-82B3-1742E84A5568}.Debug|x64.ActiveCfg = Debug|Any CPU
		{9C87F210-402B-461C-82B3-1742E84A5568}.Debug|x64.Build.0 = Debug|Any CPU
		{9C87F210-402B-461C-82B3-1742E84A5568}.Debug|x86.ActiveCfg = Debug|Any CPU
		{9C87F210-402B-461C-82B3-1742E84A5568}.Debug|x86.Build.0 = Debug|Any CPU
		{9C87F210-402B-461C-82B3-1742E84A5568}.Release|Any CPU.ActiveCfg = Release|Any CPU
		{9C87F210-402B-461C-82B3-1742E84A5568}.Release|Any CPU.Build.0 = Release|Any CPU
		{9C87F210-402B-461C-82B3-1742E84A5568}.Release|x64.ActiveCfg = Release|Any CPU
		{9C87F210-402B-461C-82B3-1742E84A5568}.Release|x64.Build.0 = Release|Any CPU
		{9C87F210-402B-461C-82B3-1742E84A5568}.Release|x86.ActiveCfg = Release|Any CPU
		{9C87F210-402B-461C-82B3-1742E84A5568}.Release|x86.Build.0 = Release|Any CPU
		{3247FC82-6CEB-4AE8-9F8C-7E1AE872626E}.Debug|Any CPU.ActiveCfg = Debug|Any CPU
		{3247FC82-6CEB-4AE8-9F8C-7E1AE872626E}.Debug|Any CPU.Build.0 = Debug|Any CPU
		{3247FC82-6CEB-4AE8-9F8C-7E1AE872626E}.Debug|x64.ActiveCfg = Debug|Any CPU
		{3247FC82-6CEB-4AE8-9F8C-7E1AE872626E}.Debug|x64.Build.0 = Debug|Any CPU
		{3247FC82-6CEB-4AE8-9F8C-7E1AE872626E}.Debug|x86.ActiveCfg = Debug|Any CPU
		{3247FC82-6CEB-4AE8-9F8C-7E1AE872626E}.Debug|x86.Build.0 = Debug|Any CPU
		{3247FC82-6CEB-4AE8-9F8C-7E1AE872626E}.Release|Any CPU.ActiveCfg = Release|Any CPU
		{3247FC82-6CEB-4AE8-9F8C-7E1AE872626E}.Release|Any CPU.Build.0 = Release|Any CPU
		{3247FC82-6CEB-4AE8-9F8C-7E1AE872626E}.Release|x64.ActiveCfg = Release|Any CPU
		{3247FC82-6CEB-4AE8-9F8C-7E1AE872626E}.Release|x64.Build.0 = Release|Any CPU
		{3247FC82-6CEB-4AE8-9F8C-7E1AE872626E}.Release|x86.ActiveCfg = Release|Any CPU
		{3247FC82-6CEB-4AE8-9F8C-7E1AE872626E}.Release|x86.Build.0 = Release|Any CPU
	EndGlobalSection
	GlobalSection(SolutionProperties) = preSolution
		HideSolutionNode = FALSE
	EndGlobalSection
EndGlobal
